{
  "lockfileVersion": 1,
  "configVersion": 1,
  "workspaces": {
    "": {
      "name": "notables",
      "devDependencies": {
        "@biomejs/biome": "2.5.14",
        "turbo": "2.11.5",
        "typescript": "6.0.3",
      },
    },
    "shared/core": {
      "name": "@notables/core",
      "version": "0.0.0",
      "dependencies": {
        "yjs": "catalog:",
        "zod": "catalog:",
      },
      "devDependencies": {
        "@types/bun": "catalog:",
        "typescript": "catalog:",
      },
    },
    "shared/tokens": {
      "name": "@notables/tokens",
      "version": "0.0.0",
      "devDependencies": {
        "@types/bun": "catalog:",
        "typescript": "catalog:",
      },
    },
  },
  "catalog": {
    "@types/bun": "1.3.11",
    "@types/react": "~19.2.0",
    "@types/react-dom": "~19.2.0",
    "lexical": "0.52.0",
    "react": "19.2.3",
    "react-dom": "19.2.3",
    "typescript": "6.0.3",
    "yjs": "13.6.33",
    "zod": "4.6.5",
  },
  "packages": {
    "@biomejs/biome": ["@biomejs/biome@2.5.14", "", { "optionalDependencies": { "@biomejs/cli-darwin-arm64": "2.5.14", "@biomejs/cli-darwin-x64": "2.5.14", "@biomejs/cli-linux-arm64": "2.5.14", "@biomejs/cli-linux-arm64-musl": "2.5.14", "@biomejs/cli-linux-x64": "2.5.14", "@biomejs/cli-linux-x64-musl": "2.5.14", "@biomejs/cli-win32-arm64": "2.5.14", "@biomejs/cli-win32-x64": "2.5.14" }, "bin": { "biome": "bin/biome" } }, "sha512-0FabLIjd4M/dm8VFI86RMaLLdgepzbdfiAL2R8cr7V81OYYrP1w7Z73KfAwPK5h9SrEBXTzNG2y+mBwPo9xRnw=="],

    "@biomejs/cli-darwin-arm64": ["@biomejs/cli-darwin-arm64@2.5.14", "", { "os": "darwin", "cpu": "arm64" }, "sha512-UnzaXO65L4tsZimFITFP2M121GyhDcWFrT3pL5ZJ5U4XcS/0L5VHYytVohdCf/gnDUFHgl2I9xnt5bV/J1kxHQ=="],

    "@biomejs/cli-darwin-x64": ["@biomejs/cli-darwin-x64@2.5.14", "", { "os": "darwin", "cpu": "x64" }, "sha512-kiy8qA16K93J7uvFfWi4LgjqDpnRKyePAna6A0Y4jxyUga35SYpIZ2cNWlhy0lsfgqRenCpfymnJWEZ6mgpRgA=="],

    "@biomejs/cli-linux-arm64": ["@biomejs/cli-linux-arm64@2.5.14", "", { "os": "linux", "cpu": "arm64" }, "sha512-vO/9BaU1n30CiFNLx49gMTMtbCAAqlo/EqFoG0BU3deQInTbJrmXSmTQ9e3FoDZIKQnvSLDVNL4lx1ci7y1T1Q=="],

    "@biomejs/cli-linux-arm64-musl": ["@biomejs/cli-linux-arm64-musl@2.5.14", "", { "os": "linux", "cpu": "arm64" }, "sha512-SJ9PrZkBnnH9dHJDnxk34vKs0GB2dbsioaft6/hPhWJ7AHpwYH83Isnhj0FSRpFkGgpVfJ1lds23ApB2czUDLQ=="],

    "@biomejs/cli-linux-x64": ["@biomejs/cli-linux-x64@2.5.14", "", { "os": "linux", "cpu": "x64" }, "sha512-VHZRa7CCQBUWKxNwUvHJeuW03WFRgN5NWO//SDGOitc9QIeNyfA42V9zlKm+x82xFSG9Bzi5fi+hbhm9anO8yA=="],

    "@biomejs/cli-linux-x64-musl": ["@biomejs/cli-linux-x64-musl@2.5.14", "", { "os": "linux", "cpu": "x64" }, "sha512-2kI5PrMgW5dcEZYrstLPmUmCwkUwZY39rP4BN93Vxbwcs2O57LDQOktUZZYPvvspN5i0mhGr3TJtF5sU26NUWg=="],

    "@biomejs/cli-win32-arm64": ["@biomejs/cli-win32-arm64@2.5.14", "", { "os": "win32", "cpu": "arm64" }, "sha512-pHgAFffmZtaYoxavEsWEYNvcA7NwOIjLyqw2HXyLbt16xYryX0L4fMV2u0G9ag6LNYPIoqWaWqzUcnc6rLGGXg=="],

    "@biomejs/cli-win32-x64": ["@biomejs/cli-win32-x64@2.5.14", "", { "os": "win32", "cpu": "x64" }, "sha512-oJWmBhoHsnhUKIke+0gXDX0mltJrWHA1UyHsrTlXwX0TL64ilVZAo+TYZm97baecV0esBdpzy3k96q+09JaZUQ=="],

    "@notables/core": ["@notables/core@workspace:shared/core"],

    "@notables/tokens": ["@notables/tokens@workspace:shared/tokens"],

    "@turbo/darwin-64": ["@turbo/darwin-64@2.11.5", "", { "os": "darwin", "cpu": "x64" }, "sha512-KdY4y7BBjIisl+jAkb3FFaRjClGqHyaeHCcVcCT8LBzFFwUu6thgfxyRZAx0uL4KoxLmH+iOan8UhVf/aDDcaA=="],

    "@turbo/darwin-arm64": ["@turbo/darwin-arm64@2.11.5", "", { "os": "darwin", "cpu": "arm64" }, "sha512-ToZDGi2u410+TfRtC/O1/LpujGgvNJoRBZnwVXob7oO0+3OSlwIO3zofXKUvwQvlba7a8ZXPyCZwufjAXd7f0w=="],

    "@turbo/linux-64": ["@turbo/linux-64@2.11.5", "", { "os": [ "linux", "android", ], "cpu": "x64" }, "sha512-Ub2d/nAbdWLaSytcEaPp1wm/YuIvHEIqNrCRMI/UgOGyFdOhgxm8VyWPAJilQWRYxYVrqEUoy2K5S5K8SG50rA=="],

    "@turbo/linux-arm64": ["@turbo/linux-arm64@2.11.5", "", { "os": [ "linux", "android", ], "cpu": "arm64" }, "sha512-JQjmGxp724Wuft9FAxPMtmBur1CEdUyxJ+FVoIvKkgj63rXHl9PYCWrsU2tMjVi609XTQ3M8vZD9Yc9qVAVYrw=="],

    "@turbo/windows-64": ["@turbo/windows-64@2.11.5", "", { "os": "win32", "cpu": "x64" }, "sha512-AFkbPmXNd8XgCi/66YEHR2bVl3gtusXyDihTIVEPAuSB+7ulLmJePvz1unWPVKLHdbCTTIdKq2mpJ1B1e3lJXw=="],

    "@turbo/windows-arm64": ["@turbo/windows-arm64@2.11.5", "", { "os": "win32", "cpu": "arm64" }, "sha512-52ziXYP3snGOxjv19xA3WL1WDKv9Q6uDAa/7EKIR5j4hocMlYURkrOHbJ2ZZI+VfPU5MwKpcGeRfHxHJu7Y/Pw=="],

    "@types/bun": ["@types/bun@1.3.11", "", { "dependencies": { "bun-types": "1.3.11" } }, "sha512-5vPne5QvtpjGpsGYXiFyycfpDF2ECyPcTSsFBMa0fraoxiQyMJ3SmuQIGhzPg2WJuWxVBoxWJ2kClYTcw/4fAg=="],

    "@types/node": ["@types/node@26.6.3", "", { "dependencies": { "undici-types": "~8.9.0" } }, "sha512-dsqMQQoeTLqu9wynDD00q573mNzso3IdQOAfHRJqLCcmCFPoGo9A1bDpUcv/9tnKpErQWv9uKeGfl37EIS02Yg=="],

    "bun-types": ["bun-types@1.3.11", "", { "dependencies": { "@types/node": "*" } }, "sha512-1KGPpoxQWl9f6wcZh57LvrPIInQMn2TQ7jsgxqpRzg+l0QPOFvJVH7HmvHo/AiPgwXy+/Thf6Ov3EdVn1vOabg=="],

    "isomorphic.js": ["isomorphic.js@0.2.5", "", {}, "sha512-PIeMbHqMt4DnUP3MA/Flc0HElYjMXArsw1qwJZcm9sqR8mq3l8NYizFMty0pWwE/tzIGH3EKK5+jes5mAr85yw=="],

    "lib0": ["lib0@0.2.119", "", { "dependencies": { "isomorphic.js": "^0.2.4" }, "bin": { "0serve": "bin/0serve.js", "0gentesthtml": "bin/gentesthtml.js", "0ecdsa-generate-keypair": "bin/0ecdsa-generate-keypair.js" } }, "sha512-vh+TiejVy8Xm+hCdnRfn9BthGNvNUZdEXltNjVZL3TzRIKP3s1lnQh8pWd/Q0wCgY0FPAGVVjFF4ZiHUV3LFgA=="],

    "turbo": ["turbo@2.11.5", "", { "optionalDependencies": { "@turbo/darwin-64": "2.11.5", "@turbo/darwin-arm64": "2.11.5", "@turbo/linux-64": "2.11.5", "@turbo/linux-arm64": "2.11.5", "@turbo/windows-64": "2.11.5", "@turbo/windows-arm64": "2.11.5" }, "bin": { "turbo": "bin/turbo" } }, "sha512-qLXheqz3TUvJpHIV6MUBwkNkvwKxMVG/QsimyiKT9DfNWPHJ294G/i5nDaH+fbHJt3UH7orubNNxAqYkbUNGAQ=="],

    "typescript": ["typescript@6.0.3", "", { "bin": { "tsc": "bin/tsc", "tsserver": "bin/tsserver" } }, "sha512-y2TvuxSZPDyQakkFRPZHKFm+KKVqIisdg9/CZwm9ftvKXLP8NRWj38/ODjNbr43SsoXqNuAisEf1GdCxqWcdBw=="],

    "undici-types": ["undici-types@8.9.0", "", {}, "sha512-KTDyRTYX8sWmKXAikPHHSyc63CRPETMctyjKFupcC6OBLXT3xsN0e9aF7m+mIXutFWpUXuedtowG7iLOzp0kQg=="],

    "yjs": ["yjs@13.6.33", "", { "dependencies": { "lib0": "^0.2.99" } }, "sha512-q/UYvr1gOk4XII+Cu1CW2dINjYqJJFifTzogEaIARznrvX7uOlHsdTEXcnOBMuIsrCGEEKdNxi74kyMLZlKVfw=="],

    "zod": ["zod@4.6.5", "", {}, "sha512-v5l/aFXZQeai4awLbOpSoHecE9UiMrnfx75tEXLjNonXVARxQ5mOeipTjROUchszUNCqnE+hqAMujRsRHsut2Q=="],
  }
}
